// !$*UTF8*$!
{
	archiveVersion = 1;
	classes = {
	};
	objectVersion = 46;
	objects = {

/* Begin PBXBuildFile section */
		2C7E52601C3FA8FC0056088A /* main.m in Sources */ = {isa = PBXBuildFile; fileRef = 2C7E525F1C3FA8FC0056088A /* main.m */; };
		2C7E52631C3FA8FC0056088A /* AppDelegate.m in Sources */ = {isa = PBXBuildFile; fileRef = 2C7E52621C3FA8FC0056088A /* AppDelegate.m */; };
		2C7E52661C3FA8FC0056088A /* ViewController.m in Sources */ = {isa = PBXBuildFile; fileRef = 2C7E52651C3FA8FC0056088A /* ViewController.m */; };
		2C7E52691C3FA8FC0056088A /* Main.storyboard in Resources */ = {isa = PBXBuildFile; fileRef = 2C7E52671C3FA8FC0056088A /* Main.storyboard */; };
		2C7E526B1C3FA8FC0056088A /* Assets.xcassets in Resources */ = {isa = PBXBuildFile; fileRef = 2C7E526A1C3FA8FC0056088A /* Assets.xcassets */; };
		2C7E526E1C3FA8FC0056088A /* LaunchScreen.storyboard in Resources */ = {isa = PBXBuildFile; fileRef = 2C7E526C1C3FA8FC0056088A /* LaunchScreen.storyboard */; };
		2C7E52791C3FA8FC0056088A /* openGSL__Tests.m in Sources */ = {isa = PBXBuildFile; fileRef = 2C7E52781C3FA8FC0056088A /* openGSL__Tests.m */; };
		2C7E52841C3FA8FC0056088A /* openGSL__UITests.m in Sources */ = {isa = PBXBuildFile; fileRef = 2C7E52831C3FA8FC0056088A /* openGSL__UITests.m */; };
		2C7E52921C3FA9190056088A /* 2.png in Resources */ = {isa = PBXBuildFile; fileRef = 2C7E52911C3FA9190056088A /* 2.png */; };
/* End PBXBuildFile section */

/* Begin PBXContainerItemProxy section */
		2C7E52751C3FA8FC0056088A /* PBXContainerItemProxy */ = {
			isa = PBXContainerItemProxy;
			containerPortal = 2C7E52531C3FA8FC0056088A /* Project object */;
			proxyType = 1;
			remoteGlobalIDString = 2C7E525A1C3FA8FC0056088A;
			remoteInfo = "openGSL渲染";
		};
		2C7E52801C3FA8FC0056088A /* PBXContainerItemProxy */ = {
			isa = PBXContainerItemProxy;
			containerPortal = 2C7E52531C3FA8FC0056088A /* Project object */;
			proxyType = 1;
			remoteGlobalIDString = 2C7E525A1C3FA8FC0056088A;
			remoteInfo = "openGSL渲染";
		};
/* End PBXContainerItemProxy section */

/* Begin PBXFileReference section */
		2C7E525B1C3FA8FC0056088A /* openGSL渲染.app */ = {isa = PBXFileReference; explicitFileType = wrapper.application; includeInIndex = 0; path = "openGSL渲染.app"; sourceTree = BUILT_PRODUCTS_DIR; };
		2C7E525F1C3FA8FC0056088A /* main.m */ = {isa = PBXFileReference; lastKnownFileType = sourcecode.c.objc; path = main.m; sourceTree = "<group>"; };
		2C7E52611C3FA8FC0056088A /* AppDelegate.h */ = {isa = PBXFileReference; lastKnownFileType = sourcecode.c.h; path = AppDelegate.h; sourceTree = "<group>"; };
		2C7E52621C3FA8FC0056088A /* AppDelegate.m */ = {isa = PBXFileReference; lastKnownFileType = sourcecode.c.objc; path = AppDelegate.m; sourceTree = "<group>"; };
		2C7E52641C3FA8FC0056088A /* ViewController.h */ = {isa = PBXFileReference; lastKnownFileType = sourcecode.c.h; path = ViewController.h; sourceTree = "<group>"; };
		2C7E52651C3FA8FC0056088A /* ViewController.m */ = {isa = PBXFileReference; lastKnownFileType = sourcecode.c.objc; path = ViewController.m; sourceTree = "<group>"; };
		2C7E52681C3FA8FC0056088A /* Base */ = {isa = PBXFileReference; lastKnownFileType = file.storyboard; name = Base; path = Base.lproj/Main.storyboard; sourceTree = "<group>"; };
		2C7E526A1C3FA8FC0056088A /* Assets.xcassets */ = {isa = PBXFileReference; lastKnownFileType = folder.assetcatalog; path = Assets.xcassets; sourceTree = "<group>"; };
		2C7E526D1C3FA8FC0056088A /* Base */ = {isa = PBXFileReference; lastKnownFileType = file.storyboard; name = Base; path = Base.lproj/LaunchScreen.storyboard; sourceTree = "<group>"; };
		2C7E526F1C3FA8FC0056088A /* Info.plist */ = {isa = PBXFileReference; lastKnownFileType = text.plist.xml; path = Info.plist; sourceTree = "<group>"; };
		2C7E52741C3FA8FC0056088A /* openGSL渲染Tests.xctest */ = {isa = PBXFileReference; explicitFileType = wrapper.cfbundle; includeInIndex = 0; path = "openGSL渲染Tests.xctest"; sourceTree = BUILT_PRODUCTS_DIR; };
		2C7E52781C3FA8FC0056088A /* openGSL__Tests.m */ = {isa = PBXFileReference; lastKnownFileType = sourcecode.c.objc; path = openGSL__Tests.m; sourceTree = "<group>"; };
		2C7E527A1C3FA8FC0056088A /* Info.plist */ = {isa = PBXFileReference; lastKnownFileType = text.plist.xml; path = Info.plist; sourceTree = "<group>"; };
		2C7E527F1C3FA8FC0056088A /* openGSL渲染UITests.xctest */ = {isa = PBXFileReference; explicitFileType = wrapper.cfbundle; includeInIndex = 0; path = "openGSL渲染UITests.xctest"; sourceTree = BUILT_PRODUCTS_DIR; };
		2C7E52831C3FA8FC0056088A /* openGSL__UITests.m */ = {isa = PBXFileReference; lastKnownFileType = sourcecode.c.objc; path = openGSL__UITests.m; sourceTree = "<group>"; };
		2C7E52851C3FA8FC0056088A /* Info.plist */ = {isa = PBXFileReference; lastKnownFileType = text.plist.xml; path = Info.plist; sourceTree = "<group>"; };
		2C7E52911C3FA9190056088A /* 2.png */ = {isa = PBXFileReference; lastKnownFileType = image.png; path = 2.png; sourceTree = "<group>"; };
/* End PBXFileReference section */

/* Begin PBXFrameworksBuildPhase section */
		2C7E52581C3FA8FC0056088A /* Frameworks */ = {
			isa = PBXFrameworksBuildPhase;
			buildActionMask = 2147483647;
			files = (
			);
			runOnlyForDeploymentPostprocessing = 0;
		};
		2C7E52711C3FA8FC0056088A /* Frameworks */ = {
			isa = PBXFrameworksBuildPhase;
			buildActionMask = 2147483647;
			files = (
			);
			runOnlyForDeploymentPostprocessing = 0;
		};
		2C7E527C1C3FA8FC0056088A /* Frameworks */ = {
			isa = PBXFrameworksBuildPhase;
			buildActionMask = 2147483647;
			files = (
			);
			runOnlyForDeploymentPostprocessing = 0;
		};
/* End PBXFrameworksBuildPhase section */

/* Begin PBXGroup section */
		2C7E52521C3FA8FC0056088A = {
			isa = PBXGroup;
			children = (
				2C7E525D1C3FA8FC0056088A /* openGSL渲染 */,
				2C7E52771C3FA8FC0056088A /* openGSL渲染Tests */,
				2C7E52821C3FA8FC0056088A /* openGSL渲染UITests */,
				2C7E525C1C3FA8FC0056088A /* Products */,
			);
			sourceTree = "<group>";
		};
		2C7E525C1C3FA8FC0056088A /* Products */ = {
			isa = PBXGroup;
			children = (
				2C7E525B1C3FA8FC0056088A /* openGSL渲染.app */,
				2C7E52741C3FA8FC0056088A /* openGSL渲染Tests.xctest */,
				2C7E527F1C3FA8FC0056088A /* openGSL渲染UITests.xctest */,
			);
			name = Products;
			sourceTree = "<group>";
		};
		2C7E525D1C3FA8FC0056088A /* openGSL渲染 */ = {
			isa = PBXGroup;
			children = (
				2C7E52911C3FA9190056088A /* 2.png */,
				2C7E52611C3FA8FC0056088A /* AppDelegate.h */,
				2C7E52621C3FA8FC0056088A /* AppDelegate.m */,
				2C7E52641C3FA8FC0056088A /* ViewController.h */,
				2C7E52651C3FA8FC0056088A /* ViewController.m */,
				2C7E52671C3FA8FC0056088A /* Main.storyboard */,
				2C7E526A1C3FA8FC0056088A /* Assets.xcassets */,
				2C7E526C1C3FA8FC0056088A /* LaunchScreen.storyboard */,
				2C7E526F1C3FA8FC0056088A /* Info.plist */,
				2C7E525E1C3FA8FC0056088A /* Supporting Files */,
			);
			path = "openGSL渲染";
			sourceTree = "<group>";
		};
		2C7E525E1C3FA8FC0056088A /* Supporting Files */ = {
			isa = PBXGroup;
			children = (
				2C7E525F1C3FA8FC0056088A /* main.m */,
			);
			name = "Supporting Files";
			sourceTree = "<group>";
		};
		2C7E52771C3FA8FC0056088A /* openGSL渲染Tests */ = {
			isa = PBXGroup;
			children = (
				2C7E52781C3FA8FC0056088A /* openGSL__Tests.m */,
				2C7E527A1C3FA8FC0056088A /* Info.plist */,
			);
			path = "openGSL渲染Tests";
			sourceTree = "<group>";
		};
		2C7E52821C3FA8FC0056088A /* openGSL渲染UITests */ = {
			isa = PBXGroup;
			children = (
				2C7E52831C3FA8FC0056088A /* openGSL__UITests.m */,
				2C7E52851C3FA8FC0056088A /* Info.plist */,
			);
			path = "openGSL渲染UITests";
			sourceTree = "<group>";
		};
/* End PBXGroup section */

/* Begin PBXNativeTarget section */
		2C7E525A1C3FA8FC0056088A /* openGSL渲染 */ = {
			isa = PBXNativeTarget;
			buildConfigurationList = 2C7E52881C3FA8FC0056088A /* Build configuration list for PBXNativeTarget "openGSL渲染" */;
			buildPhases = (
				2C7E52571C3FA8FC0056088A /* Sources */,
				2C7E52581C3FA8FC0056088A /* Frameworks */,
				2C7E52591C3FA8FC0056088A /* Resources */,
			);
			buildRules = (
			);
			dependencies = (
			);
			name = "openGSL渲染";
			productName = "openGSL渲染";
			productReference = 2C7E525B1C3FA8FC0056088A /* openGSL渲染.app */;
			productType = "com.apple.product-type.application";
		};
		2C7E52731C3FA8FC0056088A /* openGSL渲染Tests */ = {
			isa = PBXNativeTarget;
			buildConfigurationList = 2C7E528B1C3FA8FC0056088A /* Build configuration list for PBXNativeTarget "openGSL渲染Tests" */;
			buildPhases = (
				2C7E52701C3FA8FC0056088A /* Sources */,
				2C7E52711C3FA8FC0056088A /* Frameworks */,
				2C7E52721C3FA8FC0056088A /* Resources */,
			);
			buildRules = (
			);
			dependencies = (
				2C7E52761C3FA8FC0056088A /* PBXTargetDependency */,
			);
			name = "openGSL渲染Tests";
			productName = "openGSL渲染Tests";
			productReference = 2C7E52741C3FA8FC0056088A /* openGSL渲染Tests.xctest */;
			productType = "com.apple.product-type.bundle.unit-test";
		};
		2C7E527E1C3FA8FC0056088A /* openGSL渲染UITests */ = {
			isa = PBXNativeTarget;
			buildConfigurationList = 2C7E528E1C3FA8FC0056088A /* Build configuration list for PBXNativeTarget "openGSL渲染UITests" */;
			buildPhases = (
				2C7E527B1C3FA8FC0056088A /* Sources */,
				2C7E527C1C3FA8FC0056088A /* Frameworks */,
				2C7E527D1C3FA8FC0056088A /* Resources */,
			);
			buildRules = (
			);
			dependencies = (
				2C7E52811C3FA8FC0056088A /* PBXTargetDependency */,
			);
			name = "openGSL渲染UITests";
			productName = "openGSL渲染UITests";
			productReference = 2C7E527F1C3FA8FC0056088A /* openGSL渲染UITests.xctest */;
			productType = "com.apple.product-type.bundle.ui-testing";
		};
/* End PBXNativeTarget section */

/* Begin PBXProject section */
		2C7E52531C3FA8FC0056088A /* Project object */ = {
			isa = PBXProject;
			attributes = {
				LastUpgradeCheck = 0720;
				ORGANIZATIONNAME = fairy;
				TargetAttributes = {
					2C7E525A1C3FA8FC0056088A = {
						CreatedOnToolsVersion = 7.2;
					};
					2C7E52731C3FA8FC0056088A = {
						CreatedOnToolsVersion = 7.2;
						TestTargetID = 2C7E525A1C3FA8FC0056088A;
					};
					2C7E527E1C3FA8FC0056088A = {
						CreatedOnToolsVersion = 7.2;
						TestTargetID = 2C7E525A1C3FA8FC0056088A;
					};
				};
			};
			buildConfigurationList = 2C7E52561C3FA8FC0056088A /* Build configuration list for PBXProject "openGSL渲染" */;
			compatibilityVersion = "Xcode 3.2";
			developmentRegion = English;
			hasScannedForEncodings = 0;
			knownRegions = (
				en,
				Base,
			);
			mainGroup = 2C7E52521C3FA8FC0056088A;
			productRefGroup = 2C7E525C1C3FA8FC0056088A /* Products */;
			projectDirPath = "";
			projectRoot = "";
			targets = (
				2C7E525A1C3FA8FC0056088A /* openGSL渲染 */,
				2C7E52731C3FA8FC0056088A /* openGSL渲染Tests */,
				2C7E527E1C3FA8FC0056088A /* openGSL渲染UITests */,
			);
		};
/* End PBXProject section */

/* Begin PBXResourcesBuildPhase section */
		2C7E52591C3FA8FC0056088A /* Resources */ = {
			isa = PBXResourcesBuildPhase;
			buildActionMask = 2147483647;
			files = (
				2C7E526E1C3FA8FC0056088A /* LaunchScreen.storyboard in Resources */,
				2C7E526B1C3FA8FC0056088A /* Assets.xcassets in Resources */,
				2C7E52921C3FA9190056088A /* 2.png in Resources */,
				2C7E52691C3FA8FC0056088A /* Main.storyboard in Resources */,
			);
			runOnlyForDeploymentPostprocessing = 0;
		};
		2C7E52721C3FA8FC0056088A /* Resources */ = {
			isa = PBXResourcesBuildPhase;
			buildActionMask = 2147483647;
			files = (
			);
			runOnlyForDeploymentPostprocessing = 0;
		};
		2C7E527D1C3FA8FC0056088A /* Resources */ = {
			isa = PBXResourcesBuildPhase;
			buildActionMask = 2147483647;
			files = (
			);
			runOnlyForDeploymentPostprocessing = 0;
		};
/* End PBXResourcesBuildPhase section */

/* Begin PBXSourcesBuildPhase section */
		2C7E52571C3FA8FC0056088A /* Sources */ = {
			isa = PBXSourcesBuildPhase;
			buildActionMask = 2147483647;
			files = (
				2C7E52661C3FA8FC0056088A /* ViewController.m in Sources */,
				2C7E52631C3FA8FC0056088A /* AppDelegate.m in Sources */,
				2C7E52601C3FA8FC0056088A /* main.m in Sources */,
			);
			runOnlyForDeploymentPostprocessing = 0;
		};
		2C7E52701C3FA8FC0056088A /* Sources */ = {
			isa = PBXSourcesBuildPhase;
			buildActionMask = 2147483647;
			files = (
				2C7E52791C3FA8FC0056088A /* openGSL__Tests.m in Sources */,
			);
			runOnlyForDeploymentPostprocessing = 0;
		};
		2C7E527B1C3FA8FC0056088A /* Sources */ = {
			isa = PBXSourcesBuildPhase;
			buildActionMask = 2147483647;
			files = (
				2C7E52841C3FA8FC0056088A /* openGSL__UITests.m in Sources */,
			);
			runOnlyForDeploymentPostprocessing = 0;
		};
/* End PBXSourcesBuildPhase section */

/* Begin PBXTargetDependency section */
		2C7E52761C3FA8FC0056088A /* PBXTargetDependency */ = {
			isa = PBXTargetDependency;
			target = 2C7E525A1C3FA8FC0056088A /* openGSL渲染 */;
			targetProxy = 2C7E52751C3FA8FC0056088A /* PBXContainerItemProxy */;
		};
		2C7E52811C3FA8FC0056088A /* PBXTargetDependency */ = {
			isa = PBXTargetDependency;
			target = 2C7E525A1C3FA8FC0056088A /* openGSL渲染 */;
			targetProxy = 2C7E52801C3FA8FC0056088A /* PBXContainerItemProxy */;
		};
/* End PBXTargetDependency section */

/* Begin PBXVariantGroup section */
		2C7E52671C3FA8FC0056088A /* Main.storyboard */ = {
			isa = PBXVariantGroup;
			children = (
				2C7E52681C3FA8FC0056088A /* Base */,
			);
			name = Main.storyboard;
			sourceTree = "<group>";
		};
		2C7E526C1C3FA8FC0056088A /* LaunchScreen.storyboard */ = {
			isa = PBXVariantGroup;
			children = (
				2C7E526D1C3FA8FC0056088A /* Base */,
			);
			name = LaunchScreen.storyboard;
			sourceTree = "<group>";
		};
/* End PBXVariantGroup section */

/* Begin XCBuildConfiguration section */
		2C7E52861C3FA8FC0056088A /* Debug */ = {
			isa = XCBuildConfiguration;
			buildSettings = {
				ALWAYS_SEARCH_USER_PATHS = NO;
				CLANG_CXX_LANGUAGE_STANDARD = "gnu++0x";
				CLANG_CXX_LIBRARY = "libc++";
				CLANG_ENABLE_MODULES = YES;
				CLANG_ENABLE_OBJC_ARC = YES;
				CLANG_WARN_BOOL_CONVERSION = YES;
				CLANG_WARN_CONSTANT_CONVERSION = YES;
				CLANG_WARN_DIRECT_OBJC_ISA_USAGE = YES_ERROR;
				CLANG_WARN_EMPTY_BODY = YES;
				CLANG_WARN_ENUM_CONVERSION = YES;
				CLANG_WARN_INT_CONVERSION = YES;
				CLANG_WARN_OBJC_ROOT_CLASS = YES_ERROR;
				CLANG_WARN_UNREACHABLE_CODE = YES;
				CLANG_WARN__DUPLICATE_METHOD_MATCH = YES;
				"CODE_SIGN_IDENTITY[sdk=iphoneos*]" = "iPhone Developer";
				COPY_PHASE_STRIP = NO;
				DEBUG_INFORMATION_FORMAT = dwarf;
				ENABLE_STRICT_OBJC_MSGSEND = YES;
				ENABLE_TESTABILITY = YES;
				GCC_C_LANGUAGE_STANDARD = gnu99;
				GCC_DYNAMIC_NO_PIC = NO;
				GCC_NO_COMMON_BLOCKS = YES;
				GCC_OPTIMIZATION_LEVEL = 0;
				GCC_PREPROCESSOR_DEFINITIONS = (
					"DEBUG=1",
					"$(inherited)",
				);
				GCC_WARN_64_TO_32_BIT_CONVERSION = YES;
				GCC_WARN_ABOUT_RETURN_TYPE = YES_ERROR;
				GCC_WARN_UNDECLARED_SELECTOR = YES;
				GCC_WARN_UNINITIALIZED_AUTOS = YES_AGGRESSIVE;
				GCC_WARN_UNUSED_FUNCTION = YES;
				GCC_WARN_UNUSED_VARIABLE = YES;
				IPHONEOS_DEPLOYMENT_TARGET = 9.2;
				MTL_ENABLE_DEBUG_INFO = YES;
				ONLY_ACTIVE_ARCH = YES;
				SDKROOT = iphoneos;
				TARGETED_DEVICE_FAMILY = "1,2";
			};
			name = Debug;
		};
		2C7E52871C3FA8FC0056088A /* Release */ = {
			isa = XCBuildConfiguration;
			buildSettings = {
				ALWAYS_SEARCH_USER_PATHS = NO;
				CLANG_CXX_LANGUAGE_STANDARD = "gnu++0x";
				CLANG_CXX_LIBRARY = "libc++";
				CLANG_ENABLE_MODULES = YES;
				CLANG_ENABLE_OBJC_ARC = YES;
				CLANG_WARN_BOOL_CONVERSION = YES;
				CLANG_WARN_CONSTANT_CONVERSION = YES;
				CLANG_WARN_DIRECT_OBJC_ISA_USAGE = YES_ERROR;
				CLANG_WARN_EMPTY_BODY = YES;
				CLANG_WARN_ENUM_CONVERSION = YES;
				CLANG_WARN_INT_CONVERSION = YES;
				CLANG_WARN_OBJC_ROOT_CLASS = YES_ERROR;
				CLANG_WARN_UNREACHABLE_CODE = YES;
				CLANG_WARN__DUPLICATE_METHOD_MATCH = YES;
				"CODE_SIGN_IDENTITY[sdk=iphoneos*]" = "iPhone Developer";
				COPY_PHASE_STRIP = NO;
				DEBUG_INFORMATION_FORMAT = "dwarf-with-dsym";
				ENABLE_NS_ASSERTIONS = NO;
				ENABLE_STRICT_OBJC_MSGSEND = YES;
				GCC_C_LANGUAGE_STANDARD = gnu99;
				GCC_NO_COMMON_BLOCKS = YES;
				GCC_WARN_64_TO_32_BIT_CONVERSION = YES;
				GCC_WARN_ABOUT_RETURN_TYPE = YES_ERROR;
				GCC_WARN_UNDECLARED_SELECTOR = YES;
				GCC_WARN_UNINITIALIZED_AUTOS = YES_AGGRESSIVE;
				GCC_WARN_UNUSED_FUNCTION = YES;
				GCC_WARN_UNUSED_VARIABLE = YES;
				IPHONEOS_DEPLOYMENT_TARGET = 9.2;
				MTL_ENABLE_DEBUG_INFO = NO;
				SDKROOT = iphoneos;
				TARGETED_DEVICE_FAMILY = "1,2";
				VALIDATE_PRODUCT = YES;
			};
			name = Release;
		};
		2C7E52891C3FA8FC0056088A /* Debug */ = {
			isa = XCBuildConfiguration;
			buildSettings = {
				ASSETCATALOG_COMPILER_APPICON_NAME = AppIcon;
				INFOPLIST_FILE = "openGSL渲染/Info.plist";
				LD_RUNPATH_SEARCH_PATHS = "$(inherited) @executable_path/Frameworks";
				PRODUCT_BUNDLE_IDENTIFIER = "fairy.com.openGSL--";
				PRODUCT_NAME = "$(TARGET_NAME)";
			};
			name = Debug;
		};
		2C7E528A1C3FA8FC0056088A /* Release */ = {
			isa = XCBuildConfiguration;
			buildSettings = {
				ASSETCATALOG_COMPILER_APPICON_NAME = AppIcon;
				INFOPLIST_FILE = "openGSL渲染/Info.plist";
				LD_RUNPATH_SEARCH_PATHS = "$(inherited) @executable_path/Frameworks";
				PRODUCT_BUNDLE_IDENTIFIER = "fairy.com.openGSL--";
				PRODUCT_NAME = "$(TARGET_NAME)";
			};
			name = Release;
		};
		2C7E528C1C3FA8FC0056088A /* Debug */ = {
			isa = XCBuildConfiguration;
			buildSettings = {
				BUNDLE_LOADER = "$(TEST_HOST)";
				INFOPLIST_FILE = "openGSL渲染Tests/Info.plist";
				LD_RUNPATH_SEARCH_PATHS = "$(inherited) @executable_path/Frameworks @loader_path/Frameworks";
				PRODUCT_BUNDLE_IDENTIFIER = "fairy.com.openGSL--Tests";
				PRODUCT_NAME = "$(TARGET_NAME)";
				TEST_HOST = "$(BUILT_PRODUCTS_DIR)/openGSL渲染.app/openGSL渲染";
			};
			name = Debug;
		};
		2C7E528D1C3FA8FC0056088A /* Release */ = {
			isa = XCBuildConfiguration;
			buildSettings = {
				BUNDLE_LOADER = "$(TEST_HOST)";
				INFOPLIST_FILE = "openGSL渲染Tests/Info.plist";
				LD_RUNPATH_SEARCH_PATHS = "$(inherited) @executable_path/Frameworks @loader_path/Frameworks";
				PRODUCT_BUNDLE_IDENTIFIER = "fairy.com.openGSL--Tests";
				PRODUCT_NAME = "$(TARGET_NAME)";
				TEST_HOST = "$(BUILT_PRODUCTS_DIR)/openGSL渲染.app/openGSL渲染";
			};
			name = Release;
		};
		2C7E528F1C3FA8FC0056088A /* Debug */ = {
			isa = XCBuildConfiguration;
			buildSettings = {
				INFOPLIST_FILE = "openGSL渲染UITests/Info.plist";
				LD_RUNPATH_SEARCH_PATHS = "$(inherited) @executable_path/Frameworks @loader_path/Frameworks";
				PRODUCT_BUNDLE_IDENTIFIER = "fairy.com.openGSL--UITests";
				PRODUCT_NAME = "$(TARGET_NAME)";
				TEST_TARGET_NAME = "openGSL渲染";
				USES_XCTRUNNER = YES;
			};
			name = Debug;
		};
		2C7E52901C3FA8FC0056088A /* Release */ = {
			isa = XCBuildConfiguration;
			buildSettings = {
				INFOPLIST_FILE = "openGSL渲染UITests/Info.plist";
				LD_RUNPATH_SEARCH_PATHS = "$(inherited) @executable_path/Frameworks @loader_path/Frameworks";
				PRODUCT_BUNDLE_IDENTIFIER = "fairy.com.openGSL--UITests";
				PRODUCT_NAME = "$(TARGET_NAME)";
				TEST_TARGET_NAME = "openGSL渲染";
				USES_XCTRUNNER = YES;
			};
			name = Release;
		};
/* End XCBuildConfiguration section */

/* Begin XCConfigurationList section */
		2C7E52561C3FA8FC0056088A /* Build configuration list for PBXProject "openGSL渲染" */ = {
			isa = XCConfigurationList;
			buildConfigurations = (
				2C7E52861C3FA8FC0056088A /* Debug */,
				2C7E52871C3FA8FC0056088A /* Release */,
			);
			defaultConfigurationIsVisible = 0;
			defaultConfigurationName = Release;
		};
		2C7E52881C3FA8FC0056088A /* Build configuration list for PBXNativeTarget "openGSL渲染" */ = {
			isa = XCConfigurationList;
			buildConfigurations = (
				2C7E52891C3FA8FC0056088A /* Debug */,
				2C7E528A1C3FA8FC0056088A /* Release */,
			);
			defaultConfigurationIsVisible = 0;
		};
		2C7E528B1C3FA8FC0056088A /* Build configuration list for PBXNativeTarget "openGSL渲染Tests" */ = {
			isa = XCConfigurationList;
			buildConfigurations = (
				2C7E528C1C3FA8FC0056088A /* Debug */,
				2C7E528D1C3FA8FC0056088A /* Release */,
			);
			defaultConfigurationIsVisible = 0;
		};
		2C7E528E1C3FA8FC0056088A /* Build configuration list for PBXNativeTarget "openGSL渲染UITests" */ = {
			isa = XCConfigurationList;
			buildConfigurations = (
				2C7E528F1C3FA8FC0056088A /* Debug */,
				2C7E52901C3FA8FC0056088A /* Release */,
			);
			defaultConfigurationIsVisible = 0;
		};
/* End XCConfigurationList section */
	};
	rootObject = 2C7E52531C3FA8FC0056088A /* Project object */;
}
