// !$*UTF8*$!
{
	archiveVersion = 1;
	classes = {
	};
	objectVersion = 46;
	objects = {

/* Begin PBXBuildFile section */
		2C7E521F1C3F9F060056088A /* main.m in Sources */ = {isa = PBXBuildFile; fileRef = 2C7E521E1C3F9F060056088A /* main.m */; };
		2C7E52221C3F9F060056088A /* AppDelegate.m in Sources */ = {isa = PBXBuildFile; fileRef = 2C7E52211C3F9F060056088A /* AppDelegate.m */; };
		2C7E52251C3F9F060056088A /* ViewController.m in Sources */ = {isa = PBXBuildFile; fileRef = 2C7E52241C3F9F060056088A /* ViewController.m */; };
		2C7E52281C3F9F060056088A /* Main.storyboard in Resources */ = {isa = PBXBuildFile; fileRef = 2C7E52261C3F9F060056088A /* Main.storyboard */; };
		2C7E522A1C3F9F060056088A /* Assets.xcassets in Resources */ = {isa = PBXBuildFile; fileRef = 2C7E52291C3F9F060056088A /* Assets.xcassets */; };
		2C7E522D1C3F9F060056088A /* LaunchScreen.storyboard in Resources */ = {isa = PBXBuildFile; fileRef = 2C7E522B1C3F9F060056088A /* LaunchScreen.storyboard */; };
		2C7E52381C3F9F060056088A /* __Tests.m in Sources */ = {isa = PBXBuildFile; fileRef = 2C7E52371C3F9F060056088A /* __Tests.m */; };
		2C7E52431C3F9F060056088A /* __UITests.m in Sources */ = {isa = PBXBuildFile; fileRef = 2C7E52421C3F9F060056088A /* __UITests.m */; };
		2C7E52511C3FA09D0056088A /* 1.png in Resources */ = {isa = PBXBuildFile; fileRef = 2C7E52501C3FA09D0056088A /* 1.png */; };
/* End PBXBuildFile section */

/* Begin PBXContainerItemProxy section */
		2C7E52341C3F9F060056088A /* PBXContainerItemProxy */ = {
			isa = PBXContainerItemProxy;
			containerPortal = 2C7E52121C3F9F060056088A /* Project object */;
			proxyType = 1;
			remoteGlobalIDString = 2C7E52191C3F9F060056088A;
			remoteInfo = "滤镜";
		};
		2C7E523F1C3F9F060056088A /* PBXContainerItemProxy */ = {
			isa = PBXContainerItemProxy;
			containerPortal = 2C7E52121C3F9F060056088A /* Project object */;
			proxyType = 1;
			remoteGlobalIDString = 2C7E52191C3F9F060056088A;
			remoteInfo = "滤镜";
		};
/* End PBXContainerItemProxy section */

/* Begin PBXFileReference section */
		2C7E521A1C3F9F060056088A /* 滤镜.app */ = {isa = PBXFileReference; explicitFileType = wrapper.application; includeInIndex = 0; path = "滤镜.app"; sourceTree = BUILT_PRODUCTS_DIR; };
		2C7E521E1C3F9F060056088A /* main.m */ = {isa = PBXFileReference; lastKnownFileType = sourcecode.c.objc; path = main.m; sourceTree = "<group>"; };
		2C7E52201C3F9F060056088A /* AppDelegate.h */ = {isa = PBXFileReference; lastKnownFileType = sourcecode.c.h; path = AppDelegate.h; sourceTree = "<group>"; };
		2C7E52211C3F9F060056088A /* AppDelegate.m */ = {isa = PBXFileReference; lastKnownFileType = sourcecode.c.objc; path = AppDelegate.m; sourceTree = "<group>"; };
		2C7E52231C3F9F060056088A /* ViewController.h */ = {isa = PBXFileReference; lastKnownFileType = sourcecode.c.h; path = ViewController.h; sourceTree = "<group>"; };
		2C7E52241C3F9F060056088A /* ViewController.m */ = {isa = PBXFileReference; lastKnownFileType = sourcecode.c.objc; path = ViewController.m; sourceTree = "<group>"; };
		2C7E52271C3F9F060056088A /* Base */ = {isa = PBXFileReference; lastKnownFileType = file.storyboard; name = Base; path = Base.lproj/Main.storyboard; sourceTree = "<group>"; };
		2C7E52291C3F9F060056088A /* Assets.xcassets */ = {isa = PBXFileReference; lastKnownFileType = folder.assetcatalog; path = Assets.xcassets; sourceTree = "<group>"; };
		2C7E522C1C3F9F060056088A /* Base */ = {isa = PBXFileReference; lastKnownFileType = file.storyboard; name = Base; path = Base.lproj/LaunchScreen.storyboard; sourceTree = "<group>"; };
		2C7E522E1C3F9F060056088A /* Info.plist */ = {isa = PBXFileReference; lastKnownFileType = text.plist.xml; path = Info.plist; sourceTree = "<group>"; };
		2C7E52331C3F9F060056088A /* 滤镜Tests.xctest */ = {isa = PBXFileReference; explicitFileType = wrapper.cfbundle; includeInIndex = 0; path = "滤镜Tests.xctest"; sourceTree = BUILT_PRODUCTS_DIR; };
		2C7E52371C3F9F060056088A /* __Tests.m */ = {isa = PBXFileReference; lastKnownFileType = sourcecode.c.objc; path = __Tests.m; sourceTree = "<group>"; };
		2C7E52391C3F9F060056088A /* Info.plist */ = {isa = PBXFileReference; lastKnownFileType = text.plist.xml; path = Info.plist; sourceTree = "<group>"; };
		2C7E523E1C3F9F060056088A /* 滤镜UITests.xctest */ = {isa = PBXFileReference; explicitFileType = wrapper.cfbundle; includeInIndex = 0; path = "滤镜UITests.xctest"; sourceTree = BUILT_PRODUCTS_DIR; };
		2C7E52421C3F9F060056088A /* __UITests.m */ = {isa = PBXFileReference; lastKnownFileType = sourcecode.c.objc; path = __UITests.m; sourceTree = "<group>"; };
		2C7E52441C3F9F060056088A /* Info.plist */ = {isa = PBXFileReference; lastKnownFileType = text.plist.xml; path = Info.plist; sourceTree = "<group>"; };
		2C7E52501C3FA09D0056088A /* 1.png */ = {isa = PBXFileReference; lastKnownFileType = image.png; path = 1.png; sourceTree = "<group>"; };
/* End PBXFileReference section */

/* Begin PBXFrameworksBuildPhase section */
		2C7E52171C3F9F060056088A /* Frameworks */ = {
			isa = PBXFrameworksBuildPhase;
			buildActionMask = 2147483647;
			files = (
			);
			runOnlyForDeploymentPostprocessing = 0;
		};
		2C7E52301C3F9F060056088A /* Frameworks */ = {
			isa = PBXFrameworksBuildPhase;
			buildActionMask = 2147483647;
			files = (
			);
			runOnlyForDeploymentPostprocessing = 0;
		};
		2C7E523B1C3F9F060056088A /* Frameworks */ = {
			isa = PBXFrameworksBuildPhase;
			buildActionMask = 2147483647;
			files = (
			);
			runOnlyForDeploymentPostprocessing = 0;
		};
/* End PBXFrameworksBuildPhase section */

/* Begin PBXGroup section */
		2C7E52111C3F9F060056088A = {
			isa = PBXGroup;
			children = (
				2C7E521C1C3F9F060056088A /* 滤镜 */,
				2C7E52361C3F9F060056088A /* 滤镜Tests */,
				2C7E52411C3F9F060056088A /* 滤镜UITests */,
				2C7E521B1C3F9F060056088A /* Products */,
			);
			sourceTree = "<group>";
		};
		2C7E521B1C3F9F060056088A /* Products */ = {
			isa = PBXGroup;
			children = (
				2C7E521A1C3F9F060056088A /* 滤镜.app */,
				2C7E52331C3F9F060056088A /* 滤镜Tests.xctest */,
				2C7E523E1C3F9F060056088A /* 滤镜UITests.xctest */,
			);
			name = Products;
			sourceTree = "<group>";
		};
		2C7E521C1C3F9F060056088A /* 滤镜 */ = {
			isa = PBXGroup;
			children = (
				2C7E52501C3FA09D0056088A /* 1.png */,
				2C7E52201C3F9F060056088A /* AppDelegate.h */,
				2C7E52211C3F9F060056088A /* AppDelegate.m */,
				2C7E52231C3F9F060056088A /* ViewController.h */,
				2C7E52241C3F9F060056088A /* ViewController.m */,
				2C7E52261C3F9F060056088A /* Main.storyboard */,
				2C7E52291C3F9F060056088A /* Assets.xcassets */,
				2C7E522B1C3F9F060056088A /* LaunchScreen.storyboard */,
				2C7E522E1C3F9F060056088A /* Info.plist */,
				2C7E521D1C3F9F060056088A /* Supporting Files */,
			);
			path = "滤镜";
			sourceTree = "<group>";
		};
		2C7E521D1C3F9F060056088A /* Supporting Files */ = {
			isa = PBXGroup;
			children = (
				2C7E521E1C3F9F060056088A /* main.m */,
			);
			name = "Supporting Files";
			sourceTree = "<group>";
		};
		2C7E52361C3F9F060056088A /* 滤镜Tests */ = {
			isa = PBXGroup;
			children = (
				2C7E52371C3F9F060056088A /* __Tests.m */,
				2C7E52391C3F9F060056088A /* Info.plist */,
			);
			path = "滤镜Tests";
			sourceTree = "<group>";
		};
		2C7E52411C3F9F060056088A /* 滤镜UITests */ = {
			isa = PBXGroup;
			children = (
				2C7E52421C3F9F060056088A /* __UITests.m */,
				2C7E52441C3F9F060056088A /* Info.plist */,
			);
			path = "滤镜UITests";
			sourceTree = "<group>";
		};
/* End PBXGroup section */

/* Begin PBXNativeTarget section */
		2C7E52191C3F9F060056088A /* 滤镜 */ = {
			isa = PBXNativeTarget;
			buildConfigurationList = 2C7E52471C3F9F060056088A /* Build configuration list for PBXNativeTarget "滤镜" */;
			buildPhases = (
				2C7E52161C3F9F060056088A /* Sources */,
				2C7E52171C3F9F060056088A /* Frameworks */,
				2C7E52181C3F9F060056088A /* Resources */,
			);
			buildRules = (
			);
			dependencies = (
			);
			name = "滤镜";
			productName = "滤镜";
			productReference = 2C7E521A1C3F9F060056088A /* 滤镜.app */;
			productType = "com.apple.product-type.application";
		};
		2C7E52321C3F9F060056088A /* 滤镜Tests */ = {
			isa = PBXNativeTarget;
			buildConfigurationList = 2C7E524A1C3F9F060056088A /* Build configuration list for PBXNativeTarget "滤镜Tests" */;
			buildPhases = (
				2C7E522F1C3F9F060056088A /* Sources */,
				2C7E52301C3F9F060056088A /* Frameworks */,
				2C7E52311C3F9F060056088A /* Resources */,
			);
			buildRules = (
			);
			dependencies = (
				2C7E52351C3F9F060056088A /* PBXTargetDependency */,
			);
			name = "滤镜Tests";
			productName = "滤镜Tests";
			productReference = 2C7E52331C3F9F060056088A /* 滤镜Tests.xctest */;
			productType = "com.apple.product-type.bundle.unit-test";
		};
		2C7E523D1C3F9F060056088A /* 滤镜UITests */ = {
			isa = PBXNativeTarget;
			buildConfigurationList = 2C7E524D1C3F9F060056088A /* Build configuration list for PBXNativeTarget "滤镜UITests" */;
			buildPhases = (
				2C7E523A1C3F9F060056088A /* Sources */,
				2C7E523B1C3F9F060056088A /* Frameworks */,
				2C7E523C1C3F9F060056088A /* Resources */,
			);
			buildRules = (
			);
			dependencies = (
				2C7E52401C3F9F060056088A /* PBXTargetDependency */,
			);
			name = "滤镜UITests";
			productName = "滤镜UITests";
			productReference = 2C7E523E1C3F9F060056088A /* 滤镜UITests.xctest */;
			productType = "com.apple.product-type.bundle.ui-testing";
		};
/* End PBXNativeTarget section */

/* Begin PBXProject section */
		2C7E52121C3F9F060056088A /* Project object */ = {
			isa = PBXProject;
			attributes = {
				LastUpgradeCheck = 0720;
				ORGANIZATIONNAME = fairy;
				TargetAttributes = {
					2C7E52191C3F9F060056088A = {
						CreatedOnToolsVersion = 7.2;
					};
					2C7E52321C3F9F060056088A = {
						CreatedOnToolsVersion = 7.2;
						TestTargetID = 2C7E52191C3F9F060056088A;
					};
					2C7E523D1C3F9F060056088A = {
						CreatedOnToolsVersion = 7.2;
						TestTargetID = 2C7E52191C3F9F060056088A;
					};
				};
			};
			buildConfigurationList = 2C7E52151C3F9F060056088A /* Build configuration list for PBXProject "滤镜" */;
			compatibilityVersion = "Xcode 3.2";
			developmentRegion = English;
			hasScannedForEncodings = 0;
			knownRegions = (
				en,
				Base,
			);
			mainGroup = 2C7E52111C3F9F060056088A;
			productRefGroup = 2C7E521B1C3F9F060056088A /* Products */;
			projectDirPath = "";
			projectRoot = "";
			targets = (
				2C7E52191C3F9F060056088A /* 滤镜 */,
				2C7E52321C3F9F060056088A /* 滤镜Tests */,
				2C7E523D1C3F9F060056088A /* 滤镜UITests */,
			);
		};
/* End PBXProject section */

/* Begin PBXResourcesBuildPhase section */
		2C7E52181C3F9F060056088A /* Resources */ = {
			isa = PBXResourcesBuildPhase;
			buildActionMask = 2147483647;
			files = (
				2C7E522D1C3F9F060056088A /* LaunchScreen.storyboard in Resources */,
				2C7E52511C3FA09D0056088A /* 1.png in Resources */,
				2C7E522A1C3F9F060056088A /* Assets.xcassets in Resources */,
				2C7E52281C3F9F060056088A /* Main.storyboard in Resources */,
			);
			runOnlyForDeploymentPostprocessing = 0;
		};
		2C7E52311C3F9F060056088A /* Resources */ = {
			isa = PBXResourcesBuildPhase;
			buildActionMask = 2147483647;
			files = (
			);
			runOnlyForDeploymentPostprocessing = 0;
		};
		2C7E523C1C3F9F060056088A /* Resources */ = {
			isa = PBXResourcesBuildPhase;
			buildActionMask = 2147483647;
			files = (
			);
			runOnlyForDeploymentPostprocessing = 0;
		};
/* End PBXResourcesBuildPhase section */

/* Begin PBXSourcesBuildPhase section */
		2C7E52161C3F9F060056088A /* Sources */ = {
			isa = PBXSourcesBuildPhase;
			buildActionMask = 2147483647;
			files = (
				2C7E52251C3F9F060056088A /* ViewController.m in Sources */,
				2C7E52221C3F9F060056088A /* AppDelegate.m in Sources */,
				2C7E521F1C3F9F060056088A /* main.m in Sources */,
			);
			runOnlyForDeploymentPostprocessing = 0;
		};
		2C7E522F1C3F9F060056088A /* Sources */ = {
			isa = PBXSourcesBuildPhase;
			buildActionMask = 2147483647;
			files = (
				2C7E52381C3F9F060056088A /* __Tests.m in Sources */,
			);
			runOnlyForDeploymentPostprocessing = 0;
		};
		2C7E523A1C3F9F060056088A /* Sources */ = {
			isa = PBXSourcesBuildPhase;
			buildActionMask = 2147483647;
			files = (
				2C7E52431C3F9F060056088A /* __UITests.m in Sources */,
			);
			runOnlyForDeploymentPostprocessing = 0;
		};
/* End PBXSourcesBuildPhase section */

/* Begin PBXTargetDependency section */
		2C7E52351C3F9F060056088A /* PBXTargetDependency */ = {
			isa = PBXTargetDependency;
			target = 2C7E52191C3F9F060056088A /* 滤镜 */;
			targetProxy = 2C7E52341C3F9F060056088A /* PBXContainerItemProxy */;
		};
		2C7E52401C3F9F060056088A /* PBXTargetDependency */ = {
			isa = PBXTargetDependency;
			target = 2C7E52191C3F9F060056088A /* 滤镜 */;
			targetProxy = 2C7E523F1C3F9F060056088A /* PBXContainerItemProxy */;
		};
/* End PBXTargetDependency section */

/* Begin PBXVariantGroup section */
		2C7E52261C3F9F060056088A /* Main.storyboard */ = {
			isa = PBXVariantGroup;
			children = (
				2C7E52271C3F9F060056088A /* Base */,
			);
			name = Main.storyboard;
			sourceTree = "<group>";
		};
		2C7E522B1C3F9F060056088A /* LaunchScreen.storyboard */ = {
			isa = PBXVariantGroup;
			children = (
				2C7E522C1C3F9F060056088A /* Base */,
			);
			name = LaunchScreen.storyboard;
			sourceTree = "<group>";
		};
/* End PBXVariantGroup section */

/* Begin XCBuildConfiguration section */
		2C7E52451C3F9F060056088A /* Debug */ = {
			isa = XCBuildConfiguration;
			buildSettings = {
				ALWAYS_SEARCH_USER_PATHS = NO;
				CLANG_CXX_LANGUAGE_STANDARD = "gnu++0x";
				CLANG_CXX_LIBRARY = "libc++";
				CLANG_ENABLE_MODULES = YES;
				CLANG_ENABLE_OBJC_ARC = YES;
				CLANG_WARN_BOOL_CONVERSION = YES;
				CLANG_WARN_CONSTANT_CONVERSION = YES;
				CLANG_WARN_DIRECT_OBJC_ISA_USAGE = YES_ERROR;
				CLANG_WARN_EMPTY_BODY = YES;
				CLANG_WARN_ENUM_CONVERSION = YES;
				CLANG_WARN_INT_CONVERSION = YES;
				CLANG_WARN_OBJC_ROOT_CLASS = YES_ERROR;
				CLANG_WARN_UNREACHABLE_CODE = YES;
				CLANG_WARN__DUPLICATE_METHOD_MATCH = YES;
				"CODE_SIGN_IDENTITY[sdk=iphoneos*]" = "iPhone Developer";
				COPY_PHASE_STRIP = NO;
				DEBUG_INFORMATION_FORMAT = dwarf;
				ENABLE_STRICT_OBJC_MSGSEND = YES;
				ENABLE_TESTABILITY = YES;
				GCC_C_LANGUAGE_STANDARD = gnu99;
				GCC_DYNAMIC_NO_PIC = NO;
				GCC_NO_COMMON_BLOCKS = YES;
				GCC_OPTIMIZATION_LEVEL = 0;
				GCC_PREPROCESSOR_DEFINITIONS = (
					"DEBUG=1",
					"$(inherited)",
				);
				GCC_WARN_64_TO_32_BIT_CONVERSION = YES;
				GCC_WARN_ABOUT_RETURN_TYPE = YES_ERROR;
				GCC_WARN_UNDECLARED_SELECTOR = YES;
				GCC_WARN_UNINITIALIZED_AUTOS = YES_AGGRESSIVE;
				GCC_WARN_UNUSED_FUNCTION = YES;
				GCC_WARN_UNUSED_VARIABLE = YES;
				IPHONEOS_DEPLOYMENT_TARGET = 9.2;
				MTL_ENABLE_DEBUG_INFO = YES;
				ONLY_ACTIVE_ARCH = YES;
				SDKROOT = iphoneos;
				TARGETED_DEVICE_FAMILY = "1,2";
			};
			name = Debug;
		};
		2C7E52461C3F9F060056088A /* Release */ = {
			isa = XCBuildConfiguration;
			buildSettings = {
				ALWAYS_SEARCH_USER_PATHS = NO;
				CLANG_CXX_LANGUAGE_STANDARD = "gnu++0x";
				CLANG_CXX_LIBRARY = "libc++";
				CLANG_ENABLE_MODULES = YES;
				CLANG_ENABLE_OBJC_ARC = YES;
				CLANG_WARN_BOOL_CONVERSION = YES;
				CLANG_WARN_CONSTANT_CONVERSION = YES;
				CLANG_WARN_DIRECT_OBJC_ISA_USAGE = YES_ERROR;
				CLANG_WARN_EMPTY_BODY = YES;
				CLANG_WARN_ENUM_CONVERSION = YES;
				CLANG_WARN_INT_CONVERSION = YES;
				CLANG_WARN_OBJC_ROOT_CLASS = YES_ERROR;
				CLANG_WARN_UNREACHABLE_CODE = YES;
				CLANG_WARN__DUPLICATE_METHOD_MATCH = YES;
				"CODE_SIGN_IDENTITY[sdk=iphoneos*]" = "iPhone Developer";
				COPY_PHASE_STRIP = NO;
				DEBUG_INFORMATION_FORMAT = "dwarf-with-dsym";
				ENABLE_NS_ASSERTIONS = NO;
				ENABLE_STRICT_OBJC_MSGSEND = YES;
				GCC_C_LANGUAGE_STANDARD = gnu99;
				GCC_NO_COMMON_BLOCKS = YES;
				GCC_WARN_64_TO_32_BIT_CONVERSION = YES;
				GCC_WARN_ABOUT_RETURN_TYPE = YES_ERROR;
				GCC_WARN_UNDECLARED_SELECTOR = YES;
				GCC_WARN_UNINITIALIZED_AUTOS = YES_AGGRESSIVE;
				GCC_WARN_UNUSED_FUNCTION = YES;
				GCC_WARN_UNUSED_VARIABLE = YES;
				IPHONEOS_DEPLOYMENT_TARGET = 9.2;
				MTL_ENABLE_DEBUG_INFO = NO;
				SDKROOT = iphoneos;
				TARGETED_DEVICE_FAMILY = "1,2";
				VALIDATE_PRODUCT = YES;
			};
			name = Release;
		};
		2C7E52481C3F9F060056088A /* Debug */ = {
			isa = XCBuildConfiguration;
			buildSettings = {
				ASSETCATALOG_COMPILER_APPICON_NAME = AppIcon;
				INFOPLIST_FILE = "滤镜/Info.plist";
				LD_RUNPATH_SEARCH_PATHS = "$(inherited) @executable_path/Frameworks";
				PRODUCT_BUNDLE_IDENTIFIER = "fairy.com.--";
				PRODUCT_NAME = "$(TARGET_NAME)";
			};
			name = Debug;
		};
		2C7E52491C3F9F060056088A /* Release */ = {
			isa = XCBuildConfiguration;
			buildSettings = {
				ASSETCATALOG_COMPILER_APPICON_NAME = AppIcon;
				INFOPLIST_FILE = "滤镜/Info.plist";
				LD_RUNPATH_SEARCH_PATHS = "$(inherited) @executable_path/Frameworks";
				PRODUCT_BUNDLE_IDENTIFIER = "fairy.com.--";
				PRODUCT_NAME = "$(TARGET_NAME)";
			};
			name = Release;
		};
		2C7E524B1C3F9F060056088A /* Debug */ = {
			isa = XCBuildConfiguration;
			buildSettings = {
				BUNDLE_LOADER = "$(TEST_HOST)";
				INFOPLIST_FILE = "滤镜Tests/Info.plist";
				LD_RUNPATH_SEARCH_PATHS = "$(inherited) @executable_path/Frameworks @loader_path/Frameworks";
				PRODUCT_BUNDLE_IDENTIFIER = "fairy.com.--Tests";
				PRODUCT_NAME = "$(TARGET_NAME)";
				TEST_HOST = "$(BUILT_PRODUCTS_DIR)/滤镜.app/滤镜";
			};
			name = Debug;
		};
		2C7E524C1C3F9F060056088A /* Release */ = {
			isa = XCBuildConfiguration;
			buildSettings = {
				BUNDLE_LOADER = "$(TEST_HOST)";
				INFOPLIST_FILE = "滤镜Tests/Info.plist";
				LD_RUNPATH_SEARCH_PATHS = "$(inherited) @executable_path/Frameworks @loader_path/Frameworks";
				PRODUCT_BUNDLE_IDENTIFIER = "fairy.com.--Tests";
				PRODUCT_NAME = "$(TARGET_NAME)";
				TEST_HOST = "$(BUILT_PRODUCTS_DIR)/滤镜.app/滤镜";
			};
			name = Release;
		};
		2C7E524E1C3F9F060056088A /* Debug */ = {
			isa = XCBuildConfiguration;
			buildSettings = {
				INFOPLIST_FILE = "滤镜UITests/Info.plist";
				LD_RUNPATH_SEARCH_PATHS = "$(inherited) @executable_path/Frameworks @loader_path/Frameworks";
				PRODUCT_BUNDLE_IDENTIFIER = "fairy.com.--UITests";
				PRODUCT_NAME = "$(TARGET_NAME)";
				TEST_TARGET_NAME = "滤镜";
				USES_XCTRUNNER = YES;
			};
			name = Debug;
		};
		2C7E524F1C3F9F060056088A /* Release */ = {
			isa = XCBuildConfiguration;
			buildSettings = {
				INFOPLIST_FILE = "滤镜UITests/Info.plist";
				LD_RUNPATH_SEARCH_PATHS = "$(inherited) @executable_path/Frameworks @loader_path/Frameworks";
				PRODUCT_BUNDLE_IDENTIFIER = "fairy.com.--UITests";
				PRODUCT_NAME = "$(TARGET_NAME)";
				TEST_TARGET_NAME = "滤镜";
				USES_XCTRUNNER = YES;
			};
			name = Release;
		};
/* End XCBuildConfiguration section */

/* Begin XCConfigurationList section */
		2C7E52151C3F9F060056088A /* Build configuration list for PBXProject "滤镜" */ = {
			isa = XCConfigurationList;
			buildConfigurations = (
				2C7E52451C3F9F060056088A /* Debug */,
				2C7E52461C3F9F060056088A /* Release */,
			);
			defaultConfigurationIsVisible = 0;
			defaultConfigurationName = Release;
		};
		2C7E52471C3F9F060056088A /* Build configuration list for PBXNativeTarget "滤镜" */ = {
			isa = XCConfigurationList;
			buildConfigurations = (
				2C7E52481C3F9F060056088A /* Debug */,
				2C7E52491C3F9F060056088A /* Release */,
			);
			defaultConfigurationIsVisible = 0;
		};
		2C7E524A1C3F9F060056088A /* Build configuration list for PBXNativeTarget "滤镜Tests" */ = {
			isa = XCConfigurationList;
			buildConfigurations = (
				2C7E524B1C3F9F060056088A /* Debug */,
				2C7E524C1C3F9F060056088A /* Release */,
			);
			defaultConfigurationIsVisible = 0;
		};
		2C7E524D1C3F9F060056088A /* Build configuration list for PBXNativeTarget "滤镜UITests" */ = {
			isa = XCConfigurationList;
			buildConfigurations = (
				2C7E524E1C3F9F060056088A /* Debug */,
				2C7E524F1C3F9F060056088A /* Release */,
			);
			defaultConfigurationIsVisible = 0;
		};
/* End XCConfigurationList section */
	};
	rootObject = 2C7E52121C3F9F060056088A /* Project object */;
}
